
Microsoft Visual Studio Solution File, Format Version 12.00
# Visual Studio Version 16
VisualStudioVersion = 16.0.32929.386
MinimumVisualStudioVersion = 10.0.40219.1
Project("{FAE04EC0-301F-11D3-BF4B-00C04F79EFBC}") = "FastFood", "FastFood.csproj", "{2D74A02E-A6F1-484B-B50A-C1A124931C47}"
EndProject
Global
	GlobalSection(SolutionConfigurationPlatforms) = preSolution
		Debug|Any CPU = Debug|Any CPU
		Release|Any CPU = Release|Any CPU
	EndGlobalSection
	GlobalSection(ProjectConfigurationPlatforms) = postSolution
		{2D74A02E-A6F1-484B-B50A-C1A124931C47}.Debug|Any CPU.ActiveCfg = Debug|Any CPU
		{2D74A02E-A6F1-484B-B50A-C1A124931C47}.Debug|Any CPU.Build.0 = Debug|Any CPU
		{2D74A02E-A6F1-484B-B50A-C1A124931C47}.Release|Any CPU.ActiveCfg = Release|Any CPU
		{2D74A02E-A6F1-484B-B50A-C1A124931C47}.Release|Any CPU.Build.0 = Release|Any CPU
	EndGlobalSection
	GlobalSection(SolutionProperties) = preSolution
		HideSolutionNode = FALSE
	EndGlobalSection
	GlobalSection(ExtensibilityGlobals) = postSolution
		SolutionGuid = {E25B1870-0B71-4DE2-8F50-B177D785DE4D}
	EndGlobalSection
EndGlobal
